
Microsoft Visual Studio Solution File, Format Version 12.00
# Visual Studio Version 17
VisualStudioVersion = 17.0.32014.148
MinimumVisualStudioVersion = 10.0.40219.1
Project("{FAE04EC0-301F-11D3-BF4B-00C04F79EFBC}") = "HotelManagementSystem", "HotelManagementSystem\HotelManagementSystem.csproj", "{C926EDF7-327E-4530-B3C1-72AFD28479CC}"
EndProject
Global
	GlobalSection(SolutionConfigurationPlatforms) = preSolution
		Debug|Any CPU = Debug|Any CPU
		Release|Any CPU = Release|Any CPU
	EndGlobalSection
	GlobalSection(ProjectConfigurationPlatforms) = postSolution
		{C926EDF7-327E-4530-B3C1-72AFD28479CC}.Debug|Any CPU.ActiveCfg = Debug|Any CPU
		{C926EDF7-327E-4530-B3C1-72AFD28479CC}.Debug|Any CPU.Build.0 = Debug|Any CPU
		{C926EDF7-327E-4530-B3C1-72AFD28479CC}.Release|Any CPU.ActiveCfg = Release|Any CPU
		{C926EDF7-327E-4530-B3C1-72AFD28479CC}.Release|Any CPU.Build.0 = Release|Any CPU
	EndGlobalSection
	GlobalSection(SolutionProperties) = preSolution
		HideSolutionNode = FALSE
	EndGlobalSection
	GlobalSection(ExtensibilityGlobals) = postSolution
		SolutionGuid = {0101728F-58E7-4C4D-BE6C-E8EAE4DAF23E}
	EndGlobalSection
EndGlobal
